
Microsoft Visual Studio Solution File, Format Version 12.00
# Visual Studio Version 16
VisualStudioVersion = 16.0.30114.105
MinimumVisualStudioVersion = 10.0.40219.1
Project("{2150E333-8FDC-42A3-9474-1A3956D46DE8}") = "src", "src", "{5EEE06E7-0ED1-49ED-AC72-0486ABF85E51}"
EndProject
Project("{2150E333-8FDC-42A3-9474-1A3956D46DE8}") = "core", "core", "{274A4553-85D6-472F-B44D-377D51E90067}"
EndProject
Project("{9A19103F-16F7-4668-BE54-9A1E7A4F7556}") = "Travel.Domain", "src\core\Travel.Domain\Travel.Domain.csproj", "{A586B233-CC19-488E-8BE6-7523E836F65D}"
EndProject
Project("{9A19103F-16F7-4668-BE54-9A1E7A4F7556}") = "Travel.Application", "src\core\Travel.Application\Travel.Application.csproj", "{6AF8F7EE-1962-4D3B-97B8-369C4A39F52D}"
EndProject
Project("{2150E333-8FDC-42A3-9474-1A3956D46DE8}") = "infrastructure", "infrastructure", "{D59849EB-0CBA-4217-8D80-A7DD00E1FB4A}"
EndProject
Project("{9A19103F-16F7-4668-BE54-9A1E7A4F7556}") = "Travel.Data", "src\infrastructure\Travel.Data\Travel.Data.csproj", "{E87096DF-2F4C-48CC-B872-A8588F1B30CF}"
EndProject
Project("{9A19103F-16F7-4668-BE54-9A1E7A4F7556}") = "Travel.Shared", "src\infrastructure\Travel.Shared\Travel.Shared.csproj", "{EB035D9E-6D76-4FFD-B4CE-7D1ADE5865E3}"
EndProject
Project("{2150E333-8FDC-42A3-9474-1A3956D46DE8}") = "presentation", "presentation", "{9E5711C6-DEE4-4347-BD83-EC4CBD110BC9}"
EndProject
Project("{9A19103F-16F7-4668-BE54-9A1E7A4F7556}") = "Travel.WebApi", "src\presentation\Travel.WebApi\Travel.WebApi.csproj", "{D36628F2-B974-4A10-B231-519C158B7B9D}"
EndProject
Project("{FAE04EC0-301F-11D3-BF4B-00C04F79EFBC}") = "Travel.Identity", "Travel.Identity\Travel.Identity.csproj", "{AE7EDC18-3FD9-478E-ADE9-74A52FCCDABA}"
EndProject
Global
	GlobalSection(SolutionConfigurationPlatforms) = preSolution
		Debug|Any CPU = Debug|Any CPU
		Debug|x64 = Debug|x64
		Debug|x86 = Debug|x86
		Release|Any CPU = Release|Any CPU
		Release|x64 = Release|x64
		Release|x86 = Release|x86
	EndGlobalSection
	GlobalSection(ProjectConfigurationPlatforms) = postSolution
		{A586B233-CC19-488E-8BE6-7523E836F65D}.Debug|Any CPU.ActiveCfg = Debug|Any CPU
		{A586B233-CC19-488E-8BE6-7523E836F65D}.Debug|Any CPU.Build.0 = Debug|Any CPU
		{A586B233-CC19-488E-8BE6-7523E836F65D}.Debug|x64.ActiveCfg = Debug|Any CPU
		{A586B233-CC19-488E-8BE6-7523E836F65D}.Debug|x64.Build.0 = Debug|Any CPU
		{A586B233-CC19-488E-8BE6-7523E836F65D}.Debug|x86.ActiveCfg = Debug|Any CPU
		{A586B233-CC19-488E-8BE6-7523E836F65D}.Debug|x86.Build.0 = Debug|Any CPU
		{A586B233-CC19-488E-8BE6-7523E836F65D}.Release|Any CPU.ActiveCfg = Release|Any CPU
		{A586B233-CC19-488E-8BE6-7523E836F65D}.Release|Any CPU.Build.0 = Release|Any CPU
		{A586B233-CC19-488E-8BE6-7523E836F65D}.Release|x64.ActiveCfg = Release|Any CPU
		{A586B233-CC19-488E-8BE6-7523E836F65D}.Release|x64.Build.0 = Release|Any CPU
		{A586B233-CC19-488E-8BE6-7523E836F65D}.Release|x86.ActiveCfg = Release|Any CPU
		{A586B233-CC19-488E-8BE6-7523E836F65D}.Release|x86.Build.0 = Release|Any CPU
		{6AF8F7EE-1962-4D3B-97B8-369C4A39F52D}.Debug|Any CPU.ActiveCfg = Debug|Any CPU
		{6AF8F7EE-1962-4D3B-97B8-369C4A39F52D}.Debug|Any CPU.Build.0 = Debug|Any CPU
		{6AF8F7EE-1962-4D3B-97B8-369C4A39F52D}.Debug|x64.ActiveCfg = Debug|Any CPU
		{6AF8F7EE-1962-4D3B-97B8-369C4A39F52D}.Debug|x64.Build.0 = Debug|Any CPU
		{6AF8F7EE-1962-4D3B-97B8-369C4A39F52D}.Debug|x86.ActiveCfg = Debug|Any CPU
		{6AF8F7EE-1962-4D3B-97B8-369C4A39F52D}.Debug|x86.Build.0 = Debug|Any CPU
		{6AF8F7EE-1962-4D3B-97B8-369C4A39F52D}.Release|Any CPU.ActiveCfg = Release|Any CPU
		{6AF8F7EE-1962-4D3B-97B8-369C4A39F52D}.Release|Any CPU.Build.0 = Release|Any CPU
		{6AF8F7EE-1962-4D3B-97B8-369C4A39F52D}.Release|x64.ActiveCfg = Release|Any CPU
		{6AF8F7EE-1962-4D3B-97B8-369C4A39F52D}.Release|x64.Build.0 = Release|Any CPU
		{6AF8F7EE-1962-4D3B-97B8-369C4A39F52D}.Release|x86.ActiveCfg = Release|Any CPU
		{6AF8F7EE-1962-4D3B-97B8-369C4A39F52D}.Release|x86.Build.0 = Release|Any CPU
		{E87096DF-2F4C-48CC-B872-A8588F1B30CF}.Debug|Any CPU.ActiveCfg = Debug|Any CPU
		{E87096DF-2F4C-48CC-B872-A8588F1B30CF}.Debug|Any CPU.Build.0 = Debug|Any CPU
		{E87096DF-2F4C-48CC-B872-A8588F1B30CF}.Debug|x64.ActiveCfg = Debug|Any CPU
		{E87096DF-2F4C-48CC-B872-A8588F1B30CF}.Debug|x64.Build.0 = Debug|Any CPU
		{E87096DF-2F4C-48CC-B872-A8588F1B30CF}.Debug|x86.ActiveCfg = Debug|Any CPU
		{E87096DF-2F4C-48CC-B872-A8588F1B30CF}.Debug|x86.Build.0 = Debug|Any CPU
		{E87096DF-2F4C-48CC-B872-A8588F1B30CF}.Release|Any CPU.ActiveCfg = Release|Any CPU
		{E87096DF-2F4C-48CC-B872-A8588F1B30CF}.Release|Any CPU.Build.0 = Release|Any CPU
		{E87096DF-2F4C-48CC-B872-A8588F1B30CF}.Release|x64.ActiveCfg = Release|Any CPU
		{E87096DF-2F4C-48CC-B872-A8588F1B30CF}.Release|x64.Build.0 = Release|Any CPU
		{E87096DF-2F4C-48CC-B872-A8588F1B30CF}.Release|x86.ActiveCfg = Release|Any CPU
		{E87096DF-2F4C-48CC-B872-A8588F1B30CF}.Release|x86.Build.0 = Release|Any CPU
		{EB035D9E-6D76-4FFD-B4CE-7D1ADE5865E3}.Debug|Any CPU.ActiveCfg = Debug|Any CPU
		{EB035D9E-6D76-4FFD-B4CE-7D1ADE5865E3}.Debug|Any CPU.Build.0 = Debug|Any CPU
		{EB035D9E-6D76-4FFD-B4CE-7D1ADE5865E3}.Debug|x64.ActiveCfg = Debug|Any CPU
		{EB035D9E-6D76-4FFD-B4CE-7D1ADE5865E3}.Debug|x64.Build.0 = Debug|Any CPU
		{EB035D9E-6D76-4FFD-B4CE-7D1ADE5865E3}.Debug|x86.ActiveCfg = Debug|Any CPU
		{EB035D9E-6D76-4FFD-B4CE-7D1ADE5865E3}.Debug|x86.Build.0 = Debug|Any CPU
		{EB035D9E-6D76-4FFD-B4CE-7D1ADE5865E3}.Release|Any CPU.ActiveCfg = Release|Any CPU
		{EB035D9E-6D76-4FFD-B4CE-7D1ADE5865E3}.Release|Any CPU.Build.0 = Release|Any CPU
		{EB035D9E-6D76-4FFD-B4CE-7D1ADE5865E3}.Release|x64.ActiveCfg = Release|Any CPU
		{EB035D9E-6D76-4FFD-B4CE-7D1ADE5865E3}.Release|x64.Build.0 = Release|Any CPU
		{EB035D9E-6D76-4FFD-B4CE-7D1ADE5865E3}.Release|x86.ActiveCfg = Release|Any CPU
		{EB035D9E-6D76-4FFD-B4CE-7D1ADE5865E3}.Release|x86.Build.0 = Release|Any CPU
		{D36628F2-B974-4A10-B231-519C158B7B9D}.Debug|Any CPU.ActiveCfg = Debug|Any CPU
		{D36628F2-B974-4A10-B231-519C158B7B9D}.Debug|Any CPU.Build.0 = Debug|Any CPU
		{D36628F2-B974-4A10-B231-519C158B7B9D}.Debug|x64.ActiveCfg = Debug|Any CPU
		{D36628F2-B974-4A10-B231-519C158B7B9D}.Debug|x64.Build.0 = Debug|Any CPU
		{D36628F2-B974-4A10-B231-519C158B7B9D}.Debug|x86.ActiveCfg = Debug|Any CPU
		{D36628F2-B974-4A10-B231-519C158B7B9D}.Debug|x86.Build.0 = Debug|Any CPU
		{D36628F2-B974-4A10-B231-519C158B7B9D}.Release|Any CPU.ActiveCfg = Release|Any CPU
		{D36628F2-B974-4A10-B231-519C158B7B9D}.Release|Any CPU.Build.0 = Release|Any CPU
		{D36628F2-B974-4A10-B231-519C158B7B9D}.Release|x64.ActiveCfg = Release|Any CPU
		{D36628F2-B974-4A10-B231-519C158B7B9D}.Release|x64.Build.0 = Release|Any CPU
		{D36628F2-B974-4A10-B231-519C158B7B9D}.Release|x86.ActiveCfg = Release|Any CPU
		{D36628F2-B974-4A10-B231-519C158B7B9D}.Release|x86.Build.0 = Release|Any CPU
		{AE7EDC18-3FD9-478E-ADE9-74A52FCCDABA}.Debug|Any CPU.ActiveCfg = Debug|Any CPU
		{AE7EDC18-3FD9-478E-ADE9-74A52FCCDABA}.Debug|Any CPU.Build.0 = Debug|Any CPU
		{AE7EDC18-3FD9-478E-ADE9-74A52FCCDABA}.Debug|x64.ActiveCfg = Debug|Any CPU
		{AE7EDC18-3FD9-478E-ADE9-74A52FCCDABA}.Debug|x64.Build.0 = Debug|Any CPU
		{AE7EDC18-3FD9-478E-ADE9-74A52FCCDABA}.Debug|x86.ActiveCfg = Debug|Any CPU
		{AE7EDC18-3FD9-478E-ADE9-74A52FCCDABA}.Debug|x86.Build.0 = Debug|Any CPU
		{AE7EDC18-3FD9-478E-ADE9-74A52FCCDABA}.Release|Any CPU.ActiveCfg = Release|Any CPU
		{AE7EDC18-3FD9-478E-ADE9-74A52FCCDABA}.Release|Any CPU.Build.0 = Release|Any CPU
		{AE7EDC18-3FD9-478E-ADE9-74A52FCCDABA}.Release|x64.ActiveCfg = Release|Any CPU
		{AE7EDC18-3FD9-478E-ADE9-74A52FCCDABA}.Release|x64.Build.0 = Release|Any CPU
		{AE7EDC18-3FD9-478E-ADE9-74A52FCCDABA}.Release|x86.ActiveCfg = Release|Any CPU
		{AE7EDC18-3FD9-478E-ADE9-74A52FCCDABA}.Release|x86.Build.0 = Release|Any CPU
	EndGlobalSection
	GlobalSection(SolutionProperties) = preSolution
		HideSolutionNode = FALSE
	EndGlobalSection
	GlobalSection(NestedProjects) = preSolution
		{274A4553-85D6-472F-B44D-377D51E90067} = {5EEE06E7-0ED1-49ED-AC72-0486ABF85E51}
		{A586B233-CC19-488E-8BE6-7523E836F65D} = {274A4553-85D6-472F-B44D-377D51E90067}
		{6AF8F7EE-1962-4D3B-97B8-369C4A39F52D} = {274A4553-85D6-472F-B44D-377D51E90067}
		{D59849EB-0CBA-4217-8D80-A7DD00E1FB4A} = {5EEE06E7-0ED1-49ED-AC72-0486ABF85E51}
		{E87096DF-2F4C-48CC-B872-A8588F1B30CF} = {D59849EB-0CBA-4217-8D80-A7DD00E1FB4A}
		{EB035D9E-6D76-4FFD-B4CE-7D1ADE5865E3} = {D59849EB-0CBA-4217-8D80-A7DD00E1FB4A}
		{9E5711C6-DEE4-4347-BD83-EC4CBD110BC9} = {5EEE06E7-0ED1-49ED-AC72-0486ABF85E51}
		{D36628F2-B974-4A10-B231-519C158B7B9D} = {9E5711C6-DEE4-4347-BD83-EC4CBD110BC9}
		{AE7EDC18-3FD9-478E-ADE9-74A52FCCDABA} = {D59849EB-0CBA-4217-8D80-A7DD00E1FB4A}
	EndGlobalSection
	GlobalSection(ExtensibilityGlobals) = postSolution
		SolutionGuid = {7E5893EA-FB3E-4C39-A4A5-A059B022FC94}
	EndGlobalSection
EndGlobal
